// !$*UTF8*$!
{
	archiveVersion = 1;
	classes = {
	};
	objectVersion = 55;
	objects = {

/* Begin PBXBuildFile section */
		EF3C6D2029D17598008A5B23 /* Assets.xcassets in Resources */ = {isa = PBXBuildFile; fileRef = EF3C6D1F29D17598008A5B23 /* Assets.xcassets */; };
		EF3C6D2329D17598008A5B23 /* LaunchScreen.storyboard in Resources */ = {isa = PBXBuildFile; fileRef = EF3C6D2129D17598008A5B23 /* LaunchScreen.storyboard */; };
		EF3C6D2C29D175D8008A5B23 /* PinLayout in Frameworks */ = {isa = PBXBuildFile; productRef = EF3C6D2B29D175D8008A5B23 /* PinLayout */; };
		EF3C6D2F29D175F8008A5B23 /* FlexLayout in Frameworks */ = {isa = PBXBuildFile; productRef = EF3C6D2E29D175F8008A5B23 /* FlexLayout */; };
		EF3C6D3129D175F8008A5B23 /* FlexLayoutYoga in Frameworks */ = {isa = PBXBuildFile; productRef = EF3C6D3029D175F8008A5B23 /* FlexLayoutYoga */; };
		EF3C6D3329D175F9008A5B23 /* FlexLayoutYogaKit in Frameworks */ = {isa = PBXBuildFile; productRef = EF3C6D3229D175F9008A5B23 /* FlexLayoutYogaKit */; };
		EF3C6D4529D17686008A5B23 /* IntExtension.swift in Sources */ = {isa = PBXBuildFile; fileRef = EF3C6D3529D17686008A5B23 /* IntExtension.swift */; };
		EF3C6D4629D17686008A5B23 /* ImageExtension.swift in Sources */ = {isa = PBXBuildFile; fileRef = EF3C6D3629D17686008A5B23 /* ImageExtension.swift */; };
		EF3C6D4729D17686008A5B23 /* UIExtension.swift in Sources */ = {isa = PBXBuildFile; fileRef = EF3C6D3729D17686008A5B23 /* UIExtension.swift */; };
		EF3C6D4829D17686008A5B23 /* ColorExtension.swift in Sources */ = {isa = PBXBuildFile; fileRef = EF3C6D3829D17686008A5B23 /* ColorExtension.swift */; };
		EF3C6D4929D17686008A5B23 /* CodableExtension.swift in Sources */ = {isa = PBXBuildFile; fileRef = EF3C6D3929D17686008A5B23 /* CodableExtension.swift */; };
		EF3C6D4A29D17686008A5B23 /* AppDelegate.swift in Sources */ = {isa = PBXBuildFile; fileRef = EF3C6D3C29D17686008A5B23 /* AppDelegate.swift */; };
		EF3C6D4B29D17686008A5B23 /* SceneDelegate.swift in Sources */ = {isa = PBXBuildFile; fileRef = EF3C6D3D29D17686008A5B23 /* SceneDelegate.swift */; };
		EF3C6D4C29D17686008A5B23 /* MainCoordinator.swift in Sources */ = {isa = PBXBuildFile; fileRef = EF3C6D4029D17686008A5B23 /* MainCoordinator.swift */; };
		EF3C6D4D29D17686008A5B23 /* ChatCoordinator.swift in Sources */ = {isa = PBXBuildFile; fileRef = EF3C6D4129D17686008A5B23 /* ChatCoordinator.swift */; };
		EF3C6D4E29D17686008A5B23 /* MainDIContainer.swift in Sources */ = {isa = PBXBuildFile; fileRef = EF3C6D4329D17686008A5B23 /* MainDIContainer.swift */; };
		EF3C6D4F29D17686008A5B23 /* ChatDIContainer.swift in Sources */ = {isa = PBXBuildFile; fileRef = EF3C6D4429D17686008A5B23 /* ChatDIContainer.swift */; };
		EF3C6D9829D17690008A5B23 /* Log.swift in Sources */ = {isa = PBXBuildFile; fileRef = EF3C6D5129D17690008A5B23 /* Log.swift */; };
		EF3C6D9929D17690008A5B23 /* Exception.swift in Sources */ = {isa = PBXBuildFile; fileRef = EF3C6D5229D17690008A5B23 /* Exception.swift */; };
		EF3C6D9A29D17690008A5B23 /* AlertModel.swift in Sources */ = {isa = PBXBuildFile; fileRef = EF3C6D5329D17690008A5B23 /* AlertModel.swift */; };
		EF3C6D9B29D17690008A5B23 /* DefaultChatRepository.swift in Sources */ = {isa = PBXBuildFile; fileRef = EF3C6D5729D17690008A5B23 /* DefaultChatRepository.swift */; };
		EF3C6D9C29D17690008A5B23 /* DefaultMainRepository.swift in Sources */ = {isa = PBXBuildFile; fileRef = EF3C6D5829D17690008A5B23 /* DefaultMainRepository.swift */; };
		EF3C6D9E29D17690008A5B23 /* ChatResponseDTO.swift in Sources */ = {isa = PBXBuildFile; fileRef = EF3C6D5D29D17690008A5B23 /* ChatResponseDTO.swift */; };
		EF3C6D9F29D17690008A5B23 /* ChatRequestDTO.swift in Sources */ = {isa = PBXBuildFile; fileRef = EF3C6D5E29D17690008A5B23 /* ChatRequestDTO.swift */; };
		EF3C6DA029D17690008A5B23 /* MainResponseDTO.swift in Sources */ = {isa = PBXBuildFile; fileRef = EF3C6D6029D17690008A5B23 /* MainResponseDTO.swift */; };
		EF3C6DA129D17690008A5B23 /* MainRequestDTO.swift in Sources */ = {isa = PBXBuildFile; fileRef = EF3C6D6129D17690008A5B23 /* MainRequestDTO.swift */; };
		EF3C6DA229D17690008A5B23 /* MainURLRequest.swift in Sources */ = {isa = PBXBuildFile; fileRef = EF3C6D6329D17690008A5B23 /* MainURLRequest.swift */; };
		EF3C6DA329D17690008A5B23 /* ChatURLRequest.swift in Sources */ = {isa = PBXBuildFile; fileRef = EF3C6D6429D17690008A5B23 /* ChatURLRequest.swift */; };
		EF3C6DA429D17690008A5B23 /* MainAPI.swift in Sources */ = {isa = PBXBuildFile; fileRef = EF3C6D6629D17690008A5B23 /* MainAPI.swift */; };
		EF3C6DA529D17690008A5B23 /* ChatAPI.swift in Sources */ = {isa = PBXBuildFile; fileRef = EF3C6D6729D17690008A5B23 /* ChatAPI.swift */; };
		EF3C6DA629D17690008A5B23 /* SessionManager.swift in Sources */ = {isa = PBXBuildFile; fileRef = EF3C6D6929D17690008A5B23 /* SessionManager.swift */; };
		EF3C6DA729D17690008A5B23 /* Chatting.swift in Sources */ = {isa = PBXBuildFile; fileRef = EF3C6D6C29D17690008A5B23 /* Chatting.swift */; };
		EF3C6DA829D17690008A5B23 /* RequestBodyModel.swift in Sources */ = {isa = PBXBuildFile; fileRef = EF3C6D6E29D17690008A5B23 /* RequestBodyModel.swift */; };
		EF3C6DA929D17690008A5B23 /* FetchKeyModel.swift in Sources */ = {isa = PBXBuildFile; fileRef = EF3C6D6F29D17690008A5B23 /* FetchKeyModel.swift */; };
		EF3C6DAB29D17690008A5B23 /* FetchChatUseCase.swift in Sources */ = {isa = PBXBuildFile; fileRef = EF3C6D7229D17690008A5B23 /* FetchChatUseCase.swift */; };
		EF3C6DAC29D17690008A5B23 /* FetchMainUseCase.swift in Sources */ = {isa = PBXBuildFile; fileRef = EF3C6D7329D17690008A5B23 /* FetchMainUseCase.swift */; };
		EF3C6DAD29D17690008A5B23 /* ChatRepsitories.swift in Sources */ = {isa = PBXBuildFile; fileRef = EF3C6D7629D17690008A5B23 /* ChatRepsitories.swift */; };
		EF3C6DAE29D17690008A5B23 /* MainRepositories.swift in Sources */ = {isa = PBXBuildFile; fileRef = EF3C6D7729D17690008A5B23 /* MainRepositories.swift */; };
		EF3C6DAF29D17690008A5B23 /* ChatViewModel.swift in Sources */ = {isa = PBXBuildFile; fileRef = EF3C6D7B29D17690008A5B23 /* ChatViewModel.swift */; };
		EF3C6DB129D17690008A5B23 /* ChatUserCell.swift in Sources */ = {isa = PBXBuildFile; fileRef = EF3C6D7F29D17690008A5B23 /* ChatUserCell.swift */; };
		EF3C6DB229D17690008A5B23 /* ChatInputBarView.swift in Sources */ = {isa = PBXBuildFile; fileRef = EF3C6D8129D17690008A5B23 /* ChatInputBarView.swift */; };
		EF3C6DB329D17690008A5B23 /* ChatBodyView.swift in Sources */ = {isa = PBXBuildFile; fileRef = EF3C6D8229D17690008A5B23 /* ChatBodyView.swift */; };
		EF3C6DB529D17690008A5B23 /* ChatHeaderView.swift in Sources */ = {isa = PBXBuildFile; fileRef = EF3C6D8429D17690008A5B23 /* ChatHeaderView.swift */; };
		EF3C6DB629D17690008A5B23 /* ChatMainLayout.swift in Sources */ = {isa = PBXBuildFile; fileRef = EF3C6D8529D17690008A5B23 /* ChatMainLayout.swift */; };
		EF3C6DB729D17690008A5B23 /* ChatLayoutModel + Gesture.swift in Sources */ = {isa = PBXBuildFile; fileRef = EF3C6D8629D17690008A5B23 /* ChatLayoutModel + Gesture.swift */; };
		EF3C6DB829D17690008A5B23 /* ChatLayoutModel.swift in Sources */ = {isa = PBXBuildFile; fileRef = EF3C6D8729D17690008A5B23 /* ChatLayoutModel.swift */; };
		EF3C6DB929D17690008A5B23 /* ChatViewController.swift in Sources */ = {isa = PBXBuildFile; fileRef = EF3C6D8929D17690008A5B23 /* ChatViewController.swift */; };
		EF3C6DBB29D17690008A5B23 /* MainViewModel + Response.swift in Sources */ = {isa = PBXBuildFile; fileRef = EF3C6D8D29D17690008A5B23 /* MainViewModel + Response.swift */; };
		EF3C6DBC29D17690008A5B23 /* MainViewModel.swift in Sources */ = {isa = PBXBuildFile; fileRef = EF3C6D8E29D17690008A5B23 /* MainViewModel.swift */; };
		EF3C6DBD29D17690008A5B23 /* MainLayoutModel + Helper.swift in Sources */ = {isa = PBXBuildFile; fileRef = EF3C6D9029D17690008A5B23 /* MainLayoutModel + Helper.swift */; };
		EF3C6DBE29D17690008A5B23 /* MainLayoutModel.swift in Sources */ = {isa = PBXBuildFile; fileRef = EF3C6D9129D17690008A5B23 /* MainLayoutModel.swift */; };
		EF3C6DBF29D17690008A5B23 /* MainHeaderView.swift in Sources */ = {isa = PBXBuildFile; fileRef = EF3C6D9329D17690008A5B23 /* MainHeaderView.swift */; };
		EF3C6DC029D17690008A5B23 /* MainBodyView.swift in Sources */ = {isa = PBXBuildFile; fileRef = EF3C6D9429D17690008A5B23 /* MainBodyView.swift */; };
		EF3C6DC129D17690008A5B23 /* MainLayoutModel + Gesture.swift in Sources */ = {isa = PBXBuildFile; fileRef = EF3C6D9529D17690008A5B23 /* MainLayoutModel + Gesture.swift */; };
		EF3C6DC229D17690008A5B23 /* MainViewController.swift in Sources */ = {isa = PBXBuildFile; fileRef = EF3C6D9729D17690008A5B23 /* MainViewController.swift */; };
		EF5AA1DF29D2ABE50039B7A9 /* ChatLayoutModel + textView.swift in Sources */ = {isa = PBXBuildFile; fileRef = EF5AA1DE29D2ABE50039B7A9 /* ChatLayoutModel + textView.swift */; };
		EF5AA1E129D2AC2E0039B7A9 /* ChatLayoutModel + Keyboard.swift in Sources */ = {isa = PBXBuildFile; fileRef = EF5AA1E029D2AC2E0039B7A9 /* ChatLayoutModel + Keyboard.swift */; };
		EF6F4B9E29D179E200D77A9B /* ChatAssistantCell.swift in Sources */ = {isa = PBXBuildFile; fileRef = EF6F4B9D29D179E200D77A9B /* ChatAssistantCell.swift */; };
		EF6F4BA029D17CF000D77A9B /* ChatProfileView.swift in Sources */ = {isa = PBXBuildFile; fileRef = EF6F4B9F29D17CF000D77A9B /* ChatProfileView.swift */; };
		EF6F4BA229D18C6A00D77A9B /* ChatViewController + tableview.swift in Sources */ = {isa = PBXBuildFile; fileRef = EF6F4BA129D18C6A00D77A9B /* ChatViewController + tableview.swift */; };
		EF6F4BA529D264E200D77A9B /* SnapKit in Frameworks */ = {isa = PBXBuildFile; productRef = EF6F4BA429D264E200D77A9B /* SnapKit */; };
		EF6F4BAA29D2659800D77A9B /* Then in Frameworks */ = {isa = PBXBuildFile; productRef = EF6F4BA929D2659800D77A9B /* Then */; };
		EFAB0BD429D6650D0039EE35 /* ObservableType.swift in Sources */ = {isa = PBXBuildFile; fileRef = EFAB0BD329D6650D0039EE35 /* ObservableType.swift */; };
		EFAB0BD829D6670D0039EE35 /* Observable.swift in Sources */ = {isa = PBXBuildFile; fileRef = EFAB0BD729D6670D0039EE35 /* Observable.swift */; };
		EFC40D3F29D2DE86000453B6 /* Observer.swift in Sources */ = {isa = PBXBuildFile; fileRef = EFC40D3E29D2DE86000453B6 /* Observer.swift */; };
		EFC40D4229D553DD000453B6 /* Publisher.swift in Sources */ = {isa = PBXBuildFile; fileRef = EFC40D4129D553DD000453B6 /* Publisher.swift */; };
		EFC40D4429D553F4000453B6 /* Event.swift in Sources */ = {isa = PBXBuildFile; fileRef = EFC40D4329D553F4000453B6 /* Event.swift */; };
		EFC40D4629D55404000453B6 /* ObverserType.swift in Sources */ = {isa = PBXBuildFile; fileRef = EFC40D4529D55404000453B6 /* ObverserType.swift */; };
		EFC40D4829D5545B000453B6 /* Subject.swift in Sources */ = {isa = PBXBuildFile; fileRef = EFC40D4729D5545B000453B6 /* Subject.swift */; };
/* End PBXBuildFile section */

/* Begin PBXFileReference section */
		EF3C6D1329D17597008A5B23 /* ChatBot.app */ = {isa = PBXFileReference; explicitFileType = wrapper.application; includeInIndex = 0; path = ChatBot.app; sourceTree = BUILT_PRODUCTS_DIR; };
		EF3C6D1F29D17598008A5B23 /* Assets.xcassets */ = {isa = PBXFileReference; lastKnownFileType = folder.assetcatalog; path = Assets.xcassets; sourceTree = "<group>"; };
		EF3C6D2229D17598008A5B23 /* Base */ = {isa = PBXFileReference; lastKnownFileType = file.storyboard; name = Base; path = Base.lproj/LaunchScreen.storyboard; sourceTree = "<group>"; };
		EF3C6D2429D17598008A5B23 /* Info.plist */ = {isa = PBXFileReference; lastKnownFileType = text.plist.xml; path = Info.plist; sourceTree = "<group>"; };
		EF3C6D3529D17686008A5B23 /* IntExtension.swift */ = {isa = PBXFileReference; fileEncoding = 4; lastKnownFileType = sourcecode.swift; path = IntExtension.swift; sourceTree = "<group>"; };
		EF3C6D3629D17686008A5B23 /* ImageExtension.swift */ = {isa = PBXFileReference; fileEncoding = 4; lastKnownFileType = sourcecode.swift; path = ImageExtension.swift; sourceTree = "<group>"; };
		EF3C6D3729D17686008A5B23 /* UIExtension.swift */ = {isa = PBXFileReference; fileEncoding = 4; lastKnownFileType = sourcecode.swift; path = UIExtension.swift; sourceTree = "<group>"; };
		EF3C6D3829D17686008A5B23 /* ColorExtension.swift */ = {isa = PBXFileReference; fileEncoding = 4; lastKnownFileType = sourcecode.swift; path = ColorExtension.swift; sourceTree = "<group>"; };
		EF3C6D3929D17686008A5B23 /* CodableExtension.swift */ = {isa = PBXFileReference; fileEncoding = 4; lastKnownFileType = sourcecode.swift; path = CodableExtension.swift; sourceTree = "<group>"; };
		EF3C6D3C29D17686008A5B23 /* AppDelegate.swift */ = {isa = PBXFileReference; fileEncoding = 4; lastKnownFileType = sourcecode.swift; path = AppDelegate.swift; sourceTree = "<group>"; };
		EF3C6D3D29D17686008A5B23 /* SceneDelegate.swift */ = {isa = PBXFileReference; fileEncoding = 4; lastKnownFileType = sourcecode.swift; path = SceneDelegate.swift; sourceTree = "<group>"; };
		EF3C6D4029D17686008A5B23 /* MainCoordinator.swift */ = {isa = PBXFileReference; fileEncoding = 4; lastKnownFileType = sourcecode.swift; path = MainCoordinator.swift; sourceTree = "<group>"; };
		EF3C6D4129D17686008A5B23 /* ChatCoordinator.swift */ = {isa = PBXFileReference; fileEncoding = 4; lastKnownFileType = sourcecode.swift; path = ChatCoordinator.swift; sourceTree = "<group>"; };
		EF3C6D4329D17686008A5B23 /* MainDIContainer.swift */ = {isa = PBXFileReference; fileEncoding = 4; lastKnownFileType = sourcecode.swift; path = MainDIContainer.swift; sourceTree = "<group>"; };
		EF3C6D4429D17686008A5B23 /* ChatDIContainer.swift */ = {isa = PBXFileReference; fileEncoding = 4; lastKnownFileType = sourcecode.swift; path = ChatDIContainer.swift; sourceTree = "<group>"; };
		EF3C6D5129D17690008A5B23 /* Log.swift */ = {isa = PBXFileReference; fileEncoding = 4; lastKnownFileType = sourcecode.swift; path = Log.swift; sourceTree = "<group>"; };
		EF3C6D5229D17690008A5B23 /* Exception.swift */ = {isa = PBXFileReference; fileEncoding = 4; lastKnownFileType = sourcecode.swift; path = Exception.swift; sourceTree = "<group>"; };
		EF3C6D5329D17690008A5B23 /* AlertModel.swift */ = {isa = PBXFileReference; fileEncoding = 4; lastKnownFileType = sourcecode.swift; path = AlertModel.swift; sourceTree = "<group>"; };
		EF3C6D5729D17690008A5B23 /* DefaultChatRepository.swift */ = {isa = PBXFileReference; fileEncoding = 4; lastKnownFileType = sourcecode.swift; path = DefaultChatRepository.swift; sourceTree = "<group>"; };
		EF3C6D5829D17690008A5B23 /* DefaultMainRepository.swift */ = {isa = PBXFileReference; fileEncoding = 4; lastKnownFileType = sourcecode.swift; path = DefaultMainRepository.swift; sourceTree = "<group>"; };
		EF3C6D5D29D17690008A5B23 /* ChatResponseDTO.swift */ = {isa = PBXFileReference; fileEncoding = 4; lastKnownFileType = sourcecode.swift; path = ChatResponseDTO.swift; sourceTree = "<group>"; };
		EF3C6D5E29D17690008A5B23 /* ChatRequestDTO.swift */ = {isa = PBXFileReference; fileEncoding = 4; lastKnownFileType = sourcecode.swift; path = ChatRequestDTO.swift; sourceTree = "<group>"; };
		EF3C6D6029D17690008A5B23 /* MainResponseDTO.swift */ = {isa = PBXFileReference; fileEncoding = 4; lastKnownFileType = sourcecode.swift; path = MainResponseDTO.swift; sourceTree = "<group>"; };
		EF3C6D6129D17690008A5B23 /* MainRequestDTO.swift */ = {isa = PBXFileReference; fileEncoding = 4; lastKnownFileType = sourcecode.swift; path = MainRequestDTO.swift; sourceTree = "<group>"; };
		EF3C6D6329D17690008A5B23 /* MainURLRequest.swift */ = {isa = PBXFileReference; fileEncoding = 4; lastKnownFileType = sourcecode.swift; path = MainURLRequest.swift; sourceTree = "<group>"; };
		EF3C6D6429D17690008A5B23 /* ChatURLRequest.swift */ = {isa = PBXFileReference; fileEncoding = 4; lastKnownFileType = sourcecode.swift; path = ChatURLRequest.swift; sourceTree = "<group>"; };
		EF3C6D6629D17690008A5B23 /* MainAPI.swift */ = {isa = PBXFileReference; fileEncoding = 4; lastKnownFileType = sourcecode.swift; path = MainAPI.swift; sourceTree = "<group>"; };
		EF3C6D6729D17690008A5B23 /* ChatAPI.swift */ = {isa = PBXFileReference; fileEncoding = 4; lastKnownFileType = sourcecode.swift; path = ChatAPI.swift; sourceTree = "<group>"; };
		EF3C6D6929D17690008A5B23 /* SessionManager.swift */ = {isa = PBXFileReference; fileEncoding = 4; lastKnownFileType = sourcecode.swift; path = SessionManager.swift; sourceTree = "<group>"; };
		EF3C6D6C29D17690008A5B23 /* Chatting.swift */ = {isa = PBXFileReference; fileEncoding = 4; lastKnownFileType = sourcecode.swift; path = Chatting.swift; sourceTree = "<group>"; };
		EF3C6D6E29D17690008A5B23 /* RequestBodyModel.swift */ = {isa = PBXFileReference; fileEncoding = 4; lastKnownFileType = sourcecode.swift; path = RequestBodyModel.swift; sourceTree = "<group>"; };
		EF3C6D6F29D17690008A5B23 /* FetchKeyModel.swift */ = {isa = PBXFileReference; fileEncoding = 4; lastKnownFileType = sourcecode.swift; path = FetchKeyModel.swift; sourceTree = "<group>"; };
		EF3C6D7229D17690008A5B23 /* FetchChatUseCase.swift */ = {isa = PBXFileReference; fileEncoding = 4; lastKnownFileType = sourcecode.swift; path = FetchChatUseCase.swift; sourceTree = "<group>"; };
		EF3C6D7329D17690008A5B23 /* FetchMainUseCase.swift */ = {isa = PBXFileReference; fileEncoding = 4; lastKnownFileType = sourcecode.swift; path = FetchMainUseCase.swift; sourceTree = "<group>"; };
		EF3C6D7629D17690008A5B23 /* ChatRepsitories.swift */ = {isa = PBXFileReference; fileEncoding = 4; lastKnownFileType = sourcecode.swift; path = ChatRepsitories.swift; sourceTree = "<group>"; };
		EF3C6D7729D17690008A5B23 /* MainRepositories.swift */ = {isa = PBXFileReference; fileEncoding = 4; lastKnownFileType = sourcecode.swift; path = MainRepositories.swift; sourceTree = "<group>"; };
		EF3C6D7B29D17690008A5B23 /* ChatViewModel.swift */ = {isa = PBXFileReference; fileEncoding = 4; lastKnownFileType = sourcecode.swift; path = ChatViewModel.swift; sourceTree = "<group>"; };
		EF3C6D7F29D17690008A5B23 /* ChatUserCell.swift */ = {isa = PBXFileReference; fileEncoding = 4; lastKnownFileType = sourcecode.swift; path = ChatUserCell.swift; sourceTree = "<group>"; };
		EF3C6D8129D17690008A5B23 /* ChatInputBarView.swift */ = {isa = PBXFileReference; fileEncoding = 4; lastKnownFileType = sourcecode.swift; path = ChatInputBarView.swift; sourceTree = "<group>"; };
		EF3C6D8229D17690008A5B23 /* ChatBodyView.swift */ = {isa = PBXFileReference; fileEncoding = 4; lastKnownFileType = sourcecode.swift; path = ChatBodyView.swift; sourceTree = "<group>"; };
		EF3C6D8429D17690008A5B23 /* ChatHeaderView.swift */ = {isa = PBXFileReference; fileEncoding = 4; lastKnownFileType = sourcecode.swift; path = ChatHeaderView.swift; sourceTree = "<group>"; };
		EF3C6D8529D17690008A5B23 /* ChatMainLayout.swift */ = {isa = PBXFileReference; fileEncoding = 4; lastKnownFileType = sourcecode.swift; path = ChatMainLayout.swift; sourceTree = "<group>"; };
		EF3C6D8629D17690008A5B23 /* ChatLayoutModel + Gesture.swift */ = {isa = PBXFileReference; fileEncoding = 4; lastKnownFileType = sourcecode.swift; path = "ChatLayoutModel + Gesture.swift"; sourceTree = "<group>"; };
		EF3C6D8729D17690008A5B23 /* ChatLayoutModel.swift */ = {isa = PBXFileReference; fileEncoding = 4; lastKnownFileType = sourcecode.swift; path = ChatLayoutModel.swift; sourceTree = "<group>"; };
		EF3C6D8929D17690008A5B23 /* ChatViewController.swift */ = {isa = PBXFileReference; fileEncoding = 4; lastKnownFileType = sourcecode.swift; path = ChatViewController.swift; sourceTree = "<group>"; };
		EF3C6D8D29D17690008A5B23 /* MainViewModel + Response.swift */ = {isa = PBXFileReference; fileEncoding = 4; lastKnownFileType = sourcecode.swift; path = "MainViewModel + Response.swift"; sourceTree = "<group>"; };
		EF3C6D8E29D17690008A5B23 /* MainViewModel.swift */ = {isa = PBXFileReference; fileEncoding = 4; lastKnownFileType = sourcecode.swift; path = MainViewModel.swift; sourceTree = "<group>"; };
		EF3C6D9029D17690008A5B23 /* MainLayoutModel + Helper.swift */ = {isa = PBXFileReference; fileEncoding = 4; lastKnownFileType = sourcecode.swift; path = "MainLayoutModel + Helper.swift"; sourceTree = "<group>"; };
		EF3C6D9129D17690008A5B23 /* MainLayoutModel.swift */ = {isa = PBXFileReference; fileEncoding = 4; lastKnownFileType = sourcecode.swift; path = MainLayoutModel.swift; sourceTree = "<group>"; };
		EF3C6D9329D17690008A5B23 /* MainHeaderView.swift */ = {isa = PBXFileReference; fileEncoding = 4; lastKnownFileType = sourcecode.swift; path = MainHeaderView.swift; sourceTree = "<group>"; };
		EF3C6D9429D17690008A5B23 /* MainBodyView.swift */ = {isa = PBXFileReference; fileEncoding = 4; lastKnownFileType = sourcecode.swift; path = MainBodyView.swift; sourceTree = "<group>"; };
		EF3C6D9529D17690008A5B23 /* MainLayoutModel + Gesture.swift */ = {isa = PBXFileReference; fileEncoding = 4; lastKnownFileType = sourcecode.swift; path = "MainLayoutModel + Gesture.swift"; sourceTree = "<group>"; };
		EF3C6D9729D17690008A5B23 /* MainViewController.swift */ = {isa = PBXFileReference; fileEncoding = 4; lastKnownFileType = sourcecode.swift; path = MainViewController.swift; sourceTree = "<group>"; };
		EF5AA1DE29D2ABE50039B7A9 /* ChatLayoutModel + textView.swift */ = {isa = PBXFileReference; lastKnownFileType = sourcecode.swift; path = "ChatLayoutModel + textView.swift"; sourceTree = "<group>"; };
		EF5AA1E029D2AC2E0039B7A9 /* ChatLayoutModel + Keyboard.swift */ = {isa = PBXFileReference; lastKnownFileType = sourcecode.swift; path = "ChatLayoutModel + Keyboard.swift"; sourceTree = "<group>"; };
		EF6F4B9D29D179E200D77A9B /* ChatAssistantCell.swift */ = {isa = PBXFileReference; lastKnownFileType = sourcecode.swift; path = ChatAssistantCell.swift; sourceTree = "<group>"; };
		EF6F4B9F29D17CF000D77A9B /* ChatProfileView.swift */ = {isa = PBXFileReference; lastKnownFileType = sourcecode.swift; path = ChatProfileView.swift; sourceTree = "<group>"; };
		EF6F4BA129D18C6A00D77A9B /* ChatViewController + tableview.swift */ = {isa = PBXFileReference; lastKnownFileType = sourcecode.swift; path = "ChatViewController + tableview.swift"; sourceTree = "<group>"; };
		EFAB0BD329D6650D0039EE35 /* ObservableType.swift */ = {isa = PBXFileReference; lastKnownFileType = sourcecode.swift; path = ObservableType.swift; sourceTree = "<group>"; };
		EFAB0BD729D6670D0039EE35 /* Observable.swift */ = {isa = PBXFileReference; lastKnownFileType = sourcecode.swift; path = Observable.swift; sourceTree = "<group>"; };
		EFC40D3E29D2DE86000453B6 /* Observer.swift */ = {isa = PBXFileReference; lastKnownFileType = sourcecode.swift; path = Observer.swift; sourceTree = "<group>"; };
		EFC40D4129D553DD000453B6 /* Publisher.swift */ = {isa = PBXFileReference; lastKnownFileType = sourcecode.swift; path = Publisher.swift; sourceTree = "<group>"; };
		EFC40D4329D553F4000453B6 /* Event.swift */ = {isa = PBXFileReference; lastKnownFileType = sourcecode.swift; path = Event.swift; sourceTree = "<group>"; };
		EFC40D4529D55404000453B6 /* ObverserType.swift */ = {isa = PBXFileReference; lastKnownFileType = sourcecode.swift; path = ObverserType.swift; sourceTree = "<group>"; };
		EFC40D4729D5545B000453B6 /* Subject.swift */ = {isa = PBXFileReference; lastKnownFileType = sourcecode.swift; path = Subject.swift; sourceTree = "<group>"; };
/* End PBXFileReference section */

/* Begin PBXFrameworksBuildPhase section */
		EF3C6D1029D17597008A5B23 /* Frameworks */ = {
			isa = PBXFrameworksBuildPhase;
			buildActionMask = 2147483647;
			files = (
				EF3C6D2C29D175D8008A5B23 /* PinLayout in Frameworks */,
				EF3C6D2F29D175F8008A5B23 /* FlexLayout in Frameworks */,
				EF3C6D3329D175F9008A5B23 /* FlexLayoutYogaKit in Frameworks */,
				EF6F4BAA29D2659800D77A9B /* Then in Frameworks */,
				EF3C6D3129D175F8008A5B23 /* FlexLayoutYoga in Frameworks */,
				EF6F4BA529D264E200D77A9B /* SnapKit in Frameworks */,
			);
			runOnlyForDeploymentPostprocessing = 0;
		};
/* End PBXFrameworksBuildPhase section */

/* Begin PBXGroup section */
		EF3C6D0A29D17597008A5B23 = {
			isa = PBXGroup;
			children = (
				EF3C6D1529D17597008A5B23 /* ChatBot */,
				EF3C6D1429D17597008A5B23 /* Products */,
			);
			sourceTree = "<group>";
		};
		EF3C6D1429D17597008A5B23 /* Products */ = {
			isa = PBXGroup;
			children = (
				EF3C6D1329D17597008A5B23 /* ChatBot.app */,
			);
			name = Products;
			sourceTree = "<group>";
		};
		EF3C6D1529D17597008A5B23 /* ChatBot */ = {
			isa = PBXGroup;
			children = (
				EF3C6D3A29D17686008A5B23 /* Application */,
				EF3C6D5429D17690008A5B23 /* Service */,
				EF3C6D5029D17690008A5B23 /* CommonComponents */,
				EF3C6D3429D17686008A5B23 /* Utils */,
				EF3C6D1F29D17598008A5B23 /* Assets.xcassets */,
				EF3C6D2129D17598008A5B23 /* LaunchScreen.storyboard */,
				EF3C6D2429D17598008A5B23 /* Info.plist */,
			);
			path = ChatBot;
			sourceTree = "<group>";
		};
		EF3C6D3429D17686008A5B23 /* Utils */ = {
			isa = PBXGroup;
			children = (
				EF3C6D3529D17686008A5B23 /* IntExtension.swift */,
				EF3C6D3629D17686008A5B23 /* ImageExtension.swift */,
				EF3C6D3729D17686008A5B23 /* UIExtension.swift */,
				EF3C6D3829D17686008A5B23 /* ColorExtension.swift */,
				EF3C6D3929D17686008A5B23 /* CodableExtension.swift */,
			);
			path = Utils;
			sourceTree = "<group>";
		};
		EF3C6D3A29D17686008A5B23 /* Application */ = {
			isa = PBXGroup;
			children = (
				EF3C6D3B29D17686008A5B23 /* Delegate */,
				EF3C6D3E29D17686008A5B23 /* Layer */,
			);
			path = Application;
			sourceTree = "<group>";
		};
		EF3C6D3B29D17686008A5B23 /* Delegate */ = {
			isa = PBXGroup;
			children = (
				EF3C6D3C29D17686008A5B23 /* AppDelegate.swift */,
				EF3C6D3D29D17686008A5B23 /* SceneDelegate.swift */,
			);
			path = Delegate;
			sourceTree = "<group>";
		};
		EF3C6D3E29D17686008A5B23 /* Layer */ = {
			isa = PBXGroup;
			children = (
				EF3C6D3F29D17686008A5B23 /* Coordinator */,
				EF3C6D4229D17686008A5B23 /* DIContainer */,
			);
			path = Layer;
			sourceTree = "<group>";
		};
		EF3C6D3F29D17686008A5B23 /* Coordinator */ = {
			isa = PBXGroup;
			children = (
				EF3C6D4029D17686008A5B23 /* MainCoordinator.swift */,
				EF3C6D4129D17686008A5B23 /* ChatCoordinator.swift */,
			);
			path = Coordinator;
			sourceTree = "<group>";
		};
		EF3C6D4229D17686008A5B23 /* DIContainer */ = {
			isa = PBXGroup;
			children = (
				EF3C6D4329D17686008A5B23 /* MainDIContainer.swift */,
				EF3C6D4429D17686008A5B23 /* ChatDIContainer.swift */,
			);
			path = DIContainer;
			sourceTree = "<group>";
		};
		EF3C6D5029D17690008A5B23 /* CommonComponents */ = {
			isa = PBXGroup;
			children = (
				EFC40D4029D553B1000453B6 /* ObserverPattern */,
				EF3C6D5129D17690008A5B23 /* Log.swift */,
				EF3C6D5229D17690008A5B23 /* Exception.swift */,
				EF3C6D5329D17690008A5B23 /* AlertModel.swift */,
			);
			path = CommonComponents;
			sourceTree = "<group>";
		};
		EF3C6D5429D17690008A5B23 /* Service */ = {
			isa = PBXGroup;
			children = (
				EF3C6D5529D17690008A5B23 /* Data */,
				EF3C6D6A29D17690008A5B23 /* Domain */,
				EF3C6D7829D17690008A5B23 /* Presentation */,
			);
			path = Service;
			sourceTree = "<group>";
		};
		EF3C6D5529D17690008A5B23 /* Data */ = {
			isa = PBXGroup;
			children = (
				EF3C6D5629D17690008A5B23 /* Repository */,
				EF3C6D5A29D17690008A5B23 /* Network */,
			);
			path = Data;
			sourceTree = "<group>";
		};
		EF3C6D5629D17690008A5B23 /* Repository */ = {
			isa = PBXGroup;
			children = (
				EF3C6D5829D17690008A5B23 /* DefaultMainRepository.swift */,
				EF3C6D5729D17690008A5B23 /* DefaultChatRepository.swift */,
			);
			path = Repository;
			sourceTree = "<group>";
		};
		EF3C6D5A29D17690008A5B23 /* Network */ = {
			isa = PBXGroup;
			children = (
				EF3C6D5B29D17690008A5B23 /* DTO */,
				EF3C6D6229D17690008A5B23 /* APIURLRequest */,
				EF3C6D6529D17690008A5B23 /* API */,
				EF3C6D6829D17690008A5B23 /* SessionManager */,
			);
			path = Network;
			sourceTree = "<group>";
		};
		EF3C6D5B29D17690008A5B23 /* DTO */ = {
			isa = PBXGroup;
			children = (
				EF3C6D5C29D17690008A5B23 /* Chat */,
				EF3C6D5F29D17690008A5B23 /* Main */,
			);
			path = DTO;
			sourceTree = "<group>";
		};
		EF3C6D5C29D17690008A5B23 /* Chat */ = {
			isa = PBXGroup;
			children = (
				EF3C6D5E29D17690008A5B23 /* ChatRequestDTO.swift */,
				EF3C6D5D29D17690008A5B23 /* ChatResponseDTO.swift */,
			);
			path = Chat;
			sourceTree = "<group>";
		};
		EF3C6D5F29D17690008A5B23 /* Main */ = {
			isa = PBXGroup;
			children = (
				EF3C6D6129D17690008A5B23 /* MainRequestDTO.swift */,
				EF3C6D6029D17690008A5B23 /* MainResponseDTO.swift */,
			);
			path = Main;
			sourceTree = "<group>";
		};
		EF3C6D6229D17690008A5B23 /* APIURLRequest */ = {
			isa = PBXGroup;
			children = (
				EF3C6D6329D17690008A5B23 /* MainURLRequest.swift */,
				EF3C6D6429D17690008A5B23 /* ChatURLRequest.swift */,
			);
			path = APIURLRequest;
			sourceTree = "<group>";
		};
		EF3C6D6529D17690008A5B23 /* API */ = {
			isa = PBXGroup;
			children = (
				EF3C6D6629D17690008A5B23 /* MainAPI.swift */,
				EF3C6D6729D17690008A5B23 /* ChatAPI.swift */,
			);
			path = API;
			sourceTree = "<group>";
		};
		EF3C6D6829D17690008A5B23 /* SessionManager */ = {
			isa = PBXGroup;
			children = (
				EF3C6D6929D17690008A5B23 /* SessionManager.swift */,
			);
			path = SessionManager;
			sourceTree = "<group>";
		};
		EF3C6D6A29D17690008A5B23 /* Domain */ = {
			isa = PBXGroup;
			children = (
				EF3C6D6B29D17690008A5B23 /* Entity */,
				EF3C6D7129D17690008A5B23 /* UseCase */,
				EF3C6D7429D17690008A5B23 /* Interfaces */,
			);
			path = Domain;
			sourceTree = "<group>";
		};
		EF3C6D6B29D17690008A5B23 /* Entity */ = {
			isa = PBXGroup;
			children = (
				EF3C6D6C29D17690008A5B23 /* Chatting.swift */,
				EF3C6D6D29D17690008A5B23 /* Model */,
			);
			path = Entity;
			sourceTree = "<group>";
		};
		EF3C6D6D29D17690008A5B23 /* Model */ = {
			isa = PBXGroup;
			children = (
				EF3C6D6E29D17690008A5B23 /* RequestBodyModel.swift */,
				EF3C6D6F29D17690008A5B23 /* FetchKeyModel.swift */,
			);
			path = Model;
			sourceTree = "<group>";
		};
		EF3C6D7129D17690008A5B23 /* UseCase */ = {
			isa = PBXGroup;
			children = (
				EF3C6D7229D17690008A5B23 /* FetchChatUseCase.swift */,
				EF3C6D7329D17690008A5B23 /* FetchMainUseCase.swift */,
			);
			path = UseCase;
			sourceTree = "<group>";
		};
		EF3C6D7429D17690008A5B23 /* Interfaces */ = {
			isa = PBXGroup;
			children = (
				EF3C6D7529D17690008A5B23 /* Repositories */,
			);
			path = Interfaces;
			sourceTree = "<group>";
		};
		EF3C6D7529D17690008A5B23 /* Repositories */ = {
			isa = PBXGroup;
			children = (
				EF3C6D7629D17690008A5B23 /* ChatRepsitories.swift */,
				EF3C6D7729D17690008A5B23 /* MainRepositories.swift */,
			);
			path = Repositories;
			sourceTree = "<group>";
		};
		EF3C6D7829D17690008A5B23 /* Presentation */ = {
			isa = PBXGroup;
			children = (
				EF3C6D8B29D17690008A5B23 /* _Main */,
				EF3C6D7929D17690008A5B23 /* _Chat */,
			);
			path = Presentation;
			sourceTree = "<group>";
		};
		EF3C6D7929D17690008A5B23 /* _Chat */ = {
			isa = PBXGroup;
			children = (
				EF3C6D7D29D17690008A5B23 /* Layout */,
				EF3C6D7A29D17690008A5B23 /* ViewModel */,
				EF3C6D8829D17690008A5B23 /* View */,
			);
			path = _Chat;
			sourceTree = "<group>";
		};
		EF3C6D7A29D17690008A5B23 /* ViewModel */ = {
			isa = PBXGroup;
			children = (
				EF3C6D7B29D17690008A5B23 /* ChatViewModel.swift */,
			);
			path = ViewModel;
			sourceTree = "<group>";
		};
		EF3C6D7D29D17690008A5B23 /* Layout */ = {
			isa = PBXGroup;
			children = (
				EF3C6D7E29D17690008A5B23 /* Cell */,
				EF3C6D8029D17690008A5B23 /* CustomView */,
				EF3C6D8729D17690008A5B23 /* ChatLayoutModel.swift */,
				EF5AA1DE29D2ABE50039B7A9 /* ChatLayoutModel + textView.swift */,
				EF5AA1E029D2AC2E0039B7A9 /* ChatLayoutModel + Keyboard.swift */,
				EF3C6D8629D17690008A5B23 /* ChatLayoutModel + Gesture.swift */,
			);
			path = Layout;
			sourceTree = "<group>";
		};
		EF3C6D7E29D17690008A5B23 /* Cell */ = {
			isa = PBXGroup;
			children = (
				EF3C6D7F29D17690008A5B23 /* ChatUserCell.swift */,
				EF6F4B9D29D179E200D77A9B /* ChatAssistantCell.swift */,
			);
			path = Cell;
			sourceTree = "<group>";
		};
		EF3C6D8029D17690008A5B23 /* CustomView */ = {
			isa = PBXGroup;
			children = (
				EF3C6D8129D17690008A5B23 /* ChatInputBarView.swift */,
				EF3C6D8229D17690008A5B23 /* ChatBodyView.swift */,
				EF3C6D8429D17690008A5B23 /* ChatHeaderView.swift */,
				EF3C6D8529D17690008A5B23 /* ChatMainLayout.swift */,
				EF6F4B9F29D17CF000D77A9B /* ChatProfileView.swift */,
			);
			path = CustomView;
			sourceTree = "<group>";
		};
		EF3C6D8829D17690008A5B23 /* View */ = {
			isa = PBXGroup;
			children = (
				EF3C6D8929D17690008A5B23 /* ChatViewController.swift */,
				EF6F4BA129D18C6A00D77A9B /* ChatViewController + tableview.swift */,
			);
			path = View;
			sourceTree = "<group>";
		};
		EF3C6D8B29D17690008A5B23 /* _Main */ = {
			isa = PBXGroup;
			children = (
				EF3C6D8F29D17690008A5B23 /* Layout */,
				EF3C6D8C29D17690008A5B23 /* ViewModel */,
				EF3C6D9629D17690008A5B23 /* View */,
			);
			path = _Main;
			sourceTree = "<group>";
		};
		EF3C6D8C29D17690008A5B23 /* ViewModel */ = {
			isa = PBXGroup;
			children = (
				EF3C6D8D29D17690008A5B23 /* MainViewModel + Response.swift */,
				EF3C6D8E29D17690008A5B23 /* MainViewModel.swift */,
			);
			path = ViewModel;
			sourceTree = "<group>";
		};
		EF3C6D8F29D17690008A5B23 /* Layout */ = {
			isa = PBXGroup;
			children = (
				EF3C6D9229D17690008A5B23 /* CustomView */,
				EF3C6D9129D17690008A5B23 /* MainLayoutModel.swift */,
				EF3C6D9029D17690008A5B23 /* MainLayoutModel + Helper.swift */,
				EF3C6D9529D17690008A5B23 /* MainLayoutModel + Gesture.swift */,
			);
			path = Layout;
			sourceTree = "<group>";
		};
		EF3C6D9229D17690008A5B23 /* CustomView */ = {
			isa = PBXGroup;
			children = (
				EF3C6D9329D17690008A5B23 /* MainHeaderView.swift */,
				EF3C6D9429D17690008A5B23 /* MainBodyView.swift */,
			);
			path = CustomView;
			sourceTree = "<group>";
		};
		EF3C6D9629D17690008A5B23 /* View */ = {
			isa = PBXGroup;
			children = (
				EF3C6D9729D17690008A5B23 /* MainViewController.swift */,
			);
			path = View;
			sourceTree = "<group>";
		};
		EFC40D4029D553B1000453B6 /* ObserverPattern */ = {
			isa = PBXGroup;
			children = (
				EFC40D4129D553DD000453B6 /* Publisher.swift */,
				EFC40D4729D5545B000453B6 /* Subject.swift */,
				EFC40D3E29D2DE86000453B6 /* Observer.swift */,
				EFC40D4329D553F4000453B6 /* Event.swift */,
				EFC40D4529D55404000453B6 /* ObverserType.swift */,
				EFAB0BD329D6650D0039EE35 /* ObservableType.swift */,
				EFAB0BD729D6670D0039EE35 /* Observable.swift */,
			);
			path = ObserverPattern;
			sourceTree = "<group>";
		};
/* End PBXGroup section */

/* Begin PBXNativeTarget section */
		EF3C6D1229D17597008A5B23 /* ChatBot */ = {
			isa = PBXNativeTarget;
			buildConfigurationList = EF3C6D2729D17598008A5B23 /* Build configuration list for PBXNativeTarget "ChatBot" */;
			buildPhases = (
				EF3C6D0F29D17597008A5B23 /* Sources */,
				EF3C6D1029D17597008A5B23 /* Frameworks */,
				EF3C6D1129D17597008A5B23 /* Resources */,
			);
			buildRules = (
			);
			dependencies = (
			);
			name = ChatBot;
			packageProductDependencies = (
				EF3C6D2B29D175D8008A5B23 /* PinLayout */,
				EF3C6D2E29D175F8008A5B23 /* FlexLayout */,
				EF3C6D3029D175F8008A5B23 /* FlexLayoutYoga */,
				EF3C6D3229D175F9008A5B23 /* FlexLayoutYogaKit */,
				EF6F4BA429D264E200D77A9B /* SnapKit */,
				EF6F4BA929D2659800D77A9B /* Then */,
			);
			productName = ChatBot;
			productReference = EF3C6D1329D17597008A5B23 /* ChatBot.app */;
			productType = "com.apple.product-type.application";
		};
/* End PBXNativeTarget section */

/* Begin PBXProject section */
		EF3C6D0B29D17597008A5B23 /* Project object */ = {
			isa = PBXProject;
			attributes = {
				BuildIndependentTargetsInParallel = 1;
				LastSwiftUpdateCheck = 1420;
				LastUpgradeCheck = 1420;
				TargetAttributes = {
					EF3C6D1229D17597008A5B23 = {
						CreatedOnToolsVersion = 14.2;
					};
				};
			};
			buildConfigurationList = EF3C6D0E29D17597008A5B23 /* Build configuration list for PBXProject "ChatBot" */;
			compatibilityVersion = "Xcode 13.0";
			developmentRegion = en;
			hasScannedForEncodings = 0;
			knownRegions = (
				en,
				Base,
			);
			mainGroup = EF3C6D0A29D17597008A5B23;
			packageReferences = (
				EF3C6D2A29D175D8008A5B23 /* XCRemoteSwiftPackageReference "PinLayout" */,
				EF3C6D2D29D175F8008A5B23 /* XCRemoteSwiftPackageReference "FlexLayout" */,
				EF6F4BA329D264E200D77A9B /* XCRemoteSwiftPackageReference "SnapKit" */,
				EF6F4BA829D2659800D77A9B /* XCRemoteSwiftPackageReference "Then" */,
			);
			productRefGroup = EF3C6D1429D17597008A5B23 /* Products */;
			projectDirPath = "";
			projectRoot = "";
			targets = (
				EF3C6D1229D17597008A5B23 /* ChatBot */,
			);
		};
/* End PBXProject section */

/* Begin PBXResourcesBuildPhase section */
		EF3C6D1129D17597008A5B23 /* Resources */ = {
			isa = PBXResourcesBuildPhase;
			buildActionMask = 2147483647;
			files = (
				EF3C6D2329D17598008A5B23 /* LaunchScreen.storyboard in Resources */,
				EF3C6D2029D17598008A5B23 /* Assets.xcassets in Resources */,
			);
			runOnlyForDeploymentPostprocessing = 0;
		};
/* End PBXResourcesBuildPhase section */

/* Begin PBXSourcesBuildPhase section */
		EF3C6D0F29D17597008A5B23 /* Sources */ = {
			isa = PBXSourcesBuildPhase;
			buildActionMask = 2147483647;
			files = (
				EF3C6DA829D17690008A5B23 /* RequestBodyModel.swift in Sources */,
				EF3C6D9C29D17690008A5B23 /* DefaultMainRepository.swift in Sources */,
				EF5AA1DF29D2ABE50039B7A9 /* ChatLayoutModel + textView.swift in Sources */,
				EF3C6DB329D17690008A5B23 /* ChatBodyView.swift in Sources */,
				EF6F4BA029D17CF000D77A9B /* ChatProfileView.swift in Sources */,
				EF3C6DAB29D17690008A5B23 /* FetchChatUseCase.swift in Sources */,
				EFAB0BD429D6650D0039EE35 /* ObservableType.swift in Sources */,
				EF3C6D4F29D17686008A5B23 /* ChatDIContainer.swift in Sources */,
				EF3C6DA529D17690008A5B23 /* ChatAPI.swift in Sources */,
				EF3C6DA629D17690008A5B23 /* SessionManager.swift in Sources */,
				EF3C6D4A29D17686008A5B23 /* AppDelegate.swift in Sources */,
				EF3C6DAC29D17690008A5B23 /* FetchMainUseCase.swift in Sources */,
				EF3C6DA729D17690008A5B23 /* Chatting.swift in Sources */,
				EF3C6DBC29D17690008A5B23 /* MainViewModel.swift in Sources */,
				EF3C6D9F29D17690008A5B23 /* ChatRequestDTO.swift in Sources */,
				EF3C6D9829D17690008A5B23 /* Log.swift in Sources */,
				EF3C6D4E29D17686008A5B23 /* MainDIContainer.swift in Sources */,
				EF3C6D9A29D17690008A5B23 /* AlertModel.swift in Sources */,
				EF3C6DB529D17690008A5B23 /* ChatHeaderView.swift in Sources */,
				EF3C6D4C29D17686008A5B23 /* MainCoordinator.swift in Sources */,
				EF3C6DA229D17690008A5B23 /* MainURLRequest.swift in Sources */,
				EF3C6DB729D17690008A5B23 /* ChatLayoutModel + Gesture.swift in Sources */,
				EFC40D4629D55404000453B6 /* ObverserType.swift in Sources */,
				EF3C6DB129D17690008A5B23 /* ChatUserCell.swift in Sources */,
				EF3C6DA129D17690008A5B23 /* MainRequestDTO.swift in Sources */,
				EF3C6DBE29D17690008A5B23 /* MainLayoutModel.swift in Sources */,
				EFC40D4229D553DD000453B6 /* Publisher.swift in Sources */,
				EFC40D4429D553F4000453B6 /* Event.swift in Sources */,
				EFC40D4829D5545B000453B6 /* Subject.swift in Sources */,
				EF3C6D4B29D17686008A5B23 /* SceneDelegate.swift in Sources */,
				EF3C6D4529D17686008A5B23 /* IntExtension.swift in Sources */,
				EF3C6DC129D17690008A5B23 /* MainLayoutModel + Gesture.swift in Sources */,
				EF3C6D9E29D17690008A5B23 /* ChatResponseDTO.swift in Sources */,
				EF5AA1E129D2AC2E0039B7A9 /* ChatLayoutModel + Keyboard.swift in Sources */,
				EF3C6DAD29D17690008A5B23 /* ChatRepsitories.swift in Sources */,
				EF3C6D4729D17686008A5B23 /* UIExtension.swift in Sources */,
				EF3C6DA929D17690008A5B23 /* FetchKeyModel.swift in Sources */,
				EF3C6DBB29D17690008A5B23 /* MainViewModel + Response.swift in Sources */,
				EF3C6D9929D17690008A5B23 /* Exception.swift in Sources */,
				EF3C6D4629D17686008A5B23 /* ImageExtension.swift in Sources */,
				EF3C6D4829D17686008A5B23 /* ColorExtension.swift in Sources */,
				EF3C6DB229D17690008A5B23 /* ChatInputBarView.swift in Sources */,
				EF3C6D9B29D17690008A5B23 /* DefaultChatRepository.swift in Sources */,
				EF3C6D4929D17686008A5B23 /* CodableExtension.swift in Sources */,
				EF6F4B9E29D179E200D77A9B /* ChatAssistantCell.swift in Sources */,
				EF3C6DC029D17690008A5B23 /* MainBodyView.swift in Sources */,
				EFC40D3F29D2DE86000453B6 /* Observer.swift in Sources */,
				EF3C6DA329D17690008A5B23 /* ChatURLRequest.swift in Sources */,
				EF3C6DA029D17690008A5B23 /* MainResponseDTO.swift in Sources */,
				EF3C6DA429D17690008A5B23 /* MainAPI.swift in Sources */,
				EF3C6DB629D17690008A5B23 /* ChatMainLayout.swift in Sources */,
				EF3C6DAE29D17690008A5B23 /* MainRepositories.swift in Sources */,
				EF3C6DC229D17690008A5B23 /* MainViewController.swift in Sources */,
				EF3C6DBF29D17690008A5B23 /* MainHeaderView.swift in Sources */,
				EF3C6DB929D17690008A5B23 /* ChatViewController.swift in Sources */,
				EF3C6DBD29D17690008A5B23 /* MainLayoutModel + Helper.swift in Sources */,
				EF6F4BA229D18C6A00D77A9B /* ChatViewController + tableview.swift in Sources */,
				EFAB0BD829D6670D0039EE35 /* Observable.swift in Sources */,
				EF3C6DAF29D17690008A5B23 /* ChatViewModel.swift in Sources */,
				EF3C6D4D29D17686008A5B23 /* ChatCoordinator.swift in Sources */,
				EF3C6DB829D17690008A5B23 /* ChatLayoutModel.swift in Sources */,
			);
			runOnlyForDeploymentPostprocessing = 0;
		};
/* End PBXSourcesBuildPhase section */

/* Begin PBXVariantGroup section */
		EF3C6D2129D17598008A5B23 /* LaunchScreen.storyboard */ = {
			isa = PBXVariantGroup;
			children = (
				EF3C6D2229D17598008A5B23 /* Base */,
			);
			name = LaunchScreen.storyboard;
			sourceTree = "<group>";
		};
/* End PBXVariantGroup section */

/* Begin XCBuildConfiguration section */
		EF3C6D2529D17598008A5B23 /* Debug */ = {
			isa = XCBuildConfiguration;
			buildSettings = {
				ALWAYS_SEARCH_USER_PATHS = NO;
				CLANG_ANALYZER_NONNULL = YES;
				CLANG_ANALYZER_NUMBER_OBJECT_CONVERSION = YES_AGGRESSIVE;
				CLANG_CXX_LANGUAGE_STANDARD = "gnu++20";
				CLANG_ENABLE_MODULES = YES;
				CLANG_ENABLE_OBJC_ARC = YES;
				CLANG_ENABLE_OBJC_WEAK = YES;
				CLANG_WARN_BLOCK_CAPTURE_AUTORELEASING = YES;
				CLANG_WARN_BOOL_CONVERSION = YES;
				CLANG_WARN_COMMA = YES;
				CLANG_WARN_CONSTANT_CONVERSION = YES;
				CLANG_WARN_DEPRECATED_OBJC_IMPLEMENTATIONS = YES;
				CLANG_WARN_DIRECT_OBJC_ISA_USAGE = YES_ERROR;
				CLANG_WARN_DOCUMENTATION_COMMENTS = YES;
				CLANG_WARN_EMPTY_BODY = YES;
				CLANG_WARN_ENUM_CONVERSION = YES;
				CLANG_WARN_INFINITE_RECURSION = YES;
				CLANG_WARN_INT_CONVERSION = YES;
				CLANG_WARN_NON_LITERAL_NULL_CONVERSION = YES;
				CLANG_WARN_OBJC_IMPLICIT_RETAIN_SELF = YES;
				CLANG_WARN_OBJC_LITERAL_CONVERSION = YES;
				CLANG_WARN_OBJC_ROOT_CLASS = YES_ERROR;
				CLANG_WARN_QUOTED_INCLUDE_IN_FRAMEWORK_HEADER = YES;
				CLANG_WARN_RANGE_LOOP_ANALYSIS = YES;
				CLANG_WARN_STRICT_PROTOTYPES = YES;
				CLANG_WARN_SUSPICIOUS_MOVE = YES;
				CLANG_WARN_UNGUARDED_AVAILABILITY = YES_AGGRESSIVE;
				CLANG_WARN_UNREACHABLE_CODE = YES;
				CLANG_WARN__DUPLICATE_METHOD_MATCH = YES;
				COPY_PHASE_STRIP = NO;
				DEBUG_INFORMATION_FORMAT = dwarf;
				ENABLE_STRICT_OBJC_MSGSEND = YES;
				ENABLE_TESTABILITY = YES;
				GCC_C_LANGUAGE_STANDARD = gnu11;
				GCC_DYNAMIC_NO_PIC = NO;
				GCC_NO_COMMON_BLOCKS = YES;
				GCC_OPTIMIZATION_LEVEL = 0;
				GCC_PREPROCESSOR_DEFINITIONS = (
					"DEBUG=1",
					"$(inherited)",
				);
				GCC_WARN_64_TO_32_BIT_CONVERSION = YES;
				GCC_WARN_ABOUT_RETURN_TYPE = YES_ERROR;
				GCC_WARN_UNDECLARED_SELECTOR = YES;
				GCC_WARN_UNINITIALIZED_AUTOS = YES_AGGRESSIVE;
				GCC_WARN_UNUSED_FUNCTION = YES;
				GCC_WARN_UNUSED_VARIABLE = YES;
				IPHONEOS_DEPLOYMENT_TARGET = 14.0;
				MTL_ENABLE_DEBUG_INFO = INCLUDE_SOURCE;
				MTL_FAST_MATH = YES;
				ONLY_ACTIVE_ARCH = YES;
				SDKROOT = iphoneos;
				SWIFT_ACTIVE_COMPILATION_CONDITIONS = DEBUG;
				SWIFT_OPTIMIZATION_LEVEL = "-Onone";
			};
			name = Debug;
		};
		EF3C6D2629D17598008A5B23 /* Release */ = {
			isa = XCBuildConfiguration;
			buildSettings = {
				ALWAYS_SEARCH_USER_PATHS = NO;
				CLANG_ANALYZER_NONNULL = YES;
				CLANG_ANALYZER_NUMBER_OBJECT_CONVERSION = YES_AGGRESSIVE;
				CLANG_CXX_LANGUAGE_STANDARD = "gnu++20";
				CLANG_ENABLE_MODULES = YES;
				CLANG_ENABLE_OBJC_ARC = YES;
				CLANG_ENABLE_OBJC_WEAK = YES;
				CLANG_WARN_BLOCK_CAPTURE_AUTORELEASING = YES;
				CLANG_WARN_BOOL_CONVERSION = YES;
				CLANG_WARN_COMMA = YES;
				CLANG_WARN_CONSTANT_CONVERSION = YES;
				CLANG_WARN_DEPRECATED_OBJC_IMPLEMENTATIONS = YES;
				CLANG_WARN_DIRECT_OBJC_ISA_USAGE = YES_ERROR;
				CLANG_WARN_DOCUMENTATION_COMMENTS = YES;
				CLANG_WARN_EMPTY_BODY = YES;
				CLANG_WARN_ENUM_CONVERSION = YES;
				CLANG_WARN_INFINITE_RECURSION = YES;
				CLANG_WARN_INT_CONVERSION = YES;
				CLANG_WARN_NON_LITERAL_NULL_CONVERSION = YES;
				CLANG_WARN_OBJC_IMPLICIT_RETAIN_SELF = YES;
				CLANG_WARN_OBJC_LITERAL_CONVERSION = YES;
				CLANG_WARN_OBJC_ROOT_CLASS = YES_ERROR;
				CLANG_WARN_QUOTED_INCLUDE_IN_FRAMEWORK_HEADER = YES;
				CLANG_WARN_RANGE_LOOP_ANALYSIS = YES;
				CLANG_WARN_STRICT_PROTOTYPES = YES;
				CLANG_WARN_SUSPICIOUS_MOVE = YES;
				CLANG_WARN_UNGUARDED_AVAILABILITY = YES_AGGRESSIVE;
				CLANG_WARN_UNREACHABLE_CODE = YES;
				CLANG_WARN__DUPLICATE_METHOD_MATCH = YES;
				COPY_PHASE_STRIP = NO;
				DEBUG_INFORMATION_FORMAT = "dwarf-with-dsym";
				ENABLE_NS_ASSERTIONS = NO;
				ENABLE_STRICT_OBJC_MSGSEND = YES;
				GCC_C_LANGUAGE_STANDARD = gnu11;
				GCC_NO_COMMON_BLOCKS = YES;
				GCC_WARN_64_TO_32_BIT_CONVERSION = YES;
				GCC_WARN_ABOUT_RETURN_TYPE = YES_ERROR;
				GCC_WARN_UNDECLARED_SELECTOR = YES;
				GCC_WARN_UNINITIALIZED_AUTOS = YES_AGGRESSIVE;
				GCC_WARN_UNUSED_FUNCTION = YES;
				GCC_WARN_UNUSED_VARIABLE = YES;
				IPHONEOS_DEPLOYMENT_TARGET = 14.0;
				MTL_ENABLE_DEBUG_INFO = NO;
				MTL_FAST_MATH = YES;
				SDKROOT = iphoneos;
				SWIFT_COMPILATION_MODE = wholemodule;
				SWIFT_OPTIMIZATION_LEVEL = "-O";
				VALIDATE_PRODUCT = YES;
			};
			name = Release;
		};
		EF3C6D2829D17598008A5B23 /* Debug */ = {
			isa = XCBuildConfiguration;
			buildSettings = {
				ASSETCATALOG_COMPILER_APPICON_NAME = AppIcon;
				ASSETCATALOG_COMPILER_GLOBAL_ACCENT_COLOR_NAME = AccentColor;
				CODE_SIGN_STYLE = Automatic;
				CURRENT_PROJECT_VERSION = 1;
				DEVELOPMENT_TEAM = GP9D94CZ57;
				"GCC_PREPROCESSOR_DEFINITIONS[arch=*]" = "FLEXLAYOUT_SWIFT_PACKAGE=1";
				GENERATE_INFOPLIST_FILE = YES;
				INFOPLIST_FILE = ChatBot/Info.plist;
				INFOPLIST_KEY_UIApplicationSupportsIndirectInputEvents = YES;
				INFOPLIST_KEY_UILaunchStoryboardName = LaunchScreen;
				INFOPLIST_KEY_UISupportedInterfaceOrientations_iPad = "UIInterfaceOrientationPortrait UIInterfaceOrientationPortraitUpsideDown UIInterfaceOrientationLandscapeLeft UIInterfaceOrientationLandscapeRight";
				INFOPLIST_KEY_UISupportedInterfaceOrientations_iPhone = "UIInterfaceOrientationPortrait UIInterfaceOrientationLandscapeLeft UIInterfaceOrientationLandscapeRight";
				IPHONEOS_DEPLOYMENT_TARGET = 14.0;
				LD_RUNPATH_SEARCH_PATHS = (
					"$(inherited)",
					"@executable_path/Frameworks",
				);
				MARKETING_VERSION = 1.0;
				PRODUCT_BUNDLE_IDENTIFIER = com.inforex.ChatBot;
				PRODUCT_NAME = "$(TARGET_NAME)";
				SWIFT_EMIT_LOC_STRINGS = YES;
				SWIFT_VERSION = 5.0;
				TARGETED_DEVICE_FAMILY = "1,2";
			};
			name = Debug;
		};
		EF3C6D2929D17598008A5B23 /* Release */ = {
			isa = XCBuildConfiguration;
			buildSettings = {
				ASSETCATALOG_COMPILER_APPICON_NAME = AppIcon;
				ASSETCATALOG_COMPILER_GLOBAL_ACCENT_COLOR_NAME = AccentColor;
				CODE_SIGN_STYLE = Automatic;
				CURRENT_PROJECT_VERSION = 1;
				DEVELOPMENT_TEAM = GP9D94CZ57;
				"GCC_PREPROCESSOR_DEFINITIONS[arch=*]" = "FLEXLAYOUT_SWIFT_PACKAGE=1";
				GENERATE_INFOPLIST_FILE = YES;
				INFOPLIST_FILE = ChatBot/Info.plist;
				INFOPLIST_KEY_UIApplicationSupportsIndirectInputEvents = YES;
				INFOPLIST_KEY_UILaunchStoryboardName = LaunchScreen;
				INFOPLIST_KEY_UISupportedInterfaceOrientations_iPad = "UIInterfaceOrientationPortrait UIInterfaceOrientationPortraitUpsideDown UIInterfaceOrientationLandscapeLeft UIInterfaceOrientationLandscapeRight";
				INFOPLIST_KEY_UISupportedInterfaceOrientations_iPhone = "UIInterfaceOrientationPortrait UIInterfaceOrientationLandscapeLeft UIInterfaceOrientationLandscapeRight";
				IPHONEOS_DEPLOYMENT_TARGET = 14.0;
				LD_RUNPATH_SEARCH_PATHS = (
					"$(inherited)",
					"@executable_path/Frameworks",
				);
				MARKETING_VERSION = 1.0;
				PRODUCT_BUNDLE_IDENTIFIER = com.inforex.ChatBot;
				PRODUCT_NAME = "$(TARGET_NAME)";
				SWIFT_EMIT_LOC_STRINGS = YES;
				SWIFT_VERSION = 5.0;
				TARGETED_DEVICE_FAMILY = "1,2";
			};
			name = Release;
		};
/* End XCBuildConfiguration section */

/* Begin XCConfigurationList section */
		EF3C6D0E29D17597008A5B23 /* Build configuration list for PBXProject "ChatBot" */ = {
			isa = XCConfigurationList;
			buildConfigurations = (
				EF3C6D2529D17598008A5B23 /* Debug */,
				EF3C6D2629D17598008A5B23 /* Release */,
			);
			defaultConfigurationIsVisible = 0;
			defaultConfigurationName = Release;
		};
		EF3C6D2729D17598008A5B23 /* Build configuration list for PBXNativeTarget "ChatBot" */ = {
			isa = XCConfigurationList;
			buildConfigurations = (
				EF3C6D2829D17598008A5B23 /* Debug */,
				EF3C6D2929D17598008A5B23 /* Release */,
			);
			defaultConfigurationIsVisible = 0;
			defaultConfigurationName = Release;
		};
/* End XCConfigurationList section */

/* Begin XCRemoteSwiftPackageReference section */
		EF3C6D2A29D175D8008A5B23 /* XCRemoteSwiftPackageReference "PinLayout" */ = {
			isa = XCRemoteSwiftPackageReference;
			repositoryURL = "https://github.com/layoutBox/PinLayout";
			requirement = {
				branch = master;
				kind = branch;
			};
		};
		EF3C6D2D29D175F8008A5B23 /* XCRemoteSwiftPackageReference "FlexLayout" */ = {
			isa = XCRemoteSwiftPackageReference;
			repositoryURL = "https://github.com/layoutBox/FlexLayout.git";
			requirement = {
				branch = master;
				kind = branch;
			};
		};
		EF6F4BA329D264E200D77A9B /* XCRemoteSwiftPackageReference "SnapKit" */ = {
			isa = XCRemoteSwiftPackageReference;
			repositoryURL = "https://github.com/SnapKit/SnapKit.git";
			requirement = {
				kind = upToNextMajorVersion;
				minimumVersion = 5.0.0;
			};
		};
		EF6F4BA829D2659800D77A9B /* XCRemoteSwiftPackageReference "Then" */ = {
			isa = XCRemoteSwiftPackageReference;
			repositoryURL = "https://github.com/devxoul/Then";
			requirement = {
				kind = upToNextMajorVersion;
				minimumVersion = 3.0.0;
			};
		};
/* End XCRemoteSwiftPackageReference section */

/* Begin XCSwiftPackageProductDependency section */
		EF3C6D2B29D175D8008A5B23 /* PinLayout */ = {
			isa = XCSwiftPackageProductDependency;
			package = EF3C6D2A29D175D8008A5B23 /* XCRemoteSwiftPackageReference "PinLayout" */;
			productName = PinLayout;
		};
		EF3C6D2E29D175F8008A5B23 /* FlexLayout */ = {
			isa = XCSwiftPackageProductDependency;
			package = EF3C6D2D29D175F8008A5B23 /* XCRemoteSwiftPackageReference "FlexLayout" */;
			productName = FlexLayout;
		};
		EF3C6D3029D175F8008A5B23 /* FlexLayoutYoga */ = {
			isa = XCSwiftPackageProductDependency;
			package = EF3C6D2D29D175F8008A5B23 /* XCRemoteSwiftPackageReference "FlexLayout" */;
			productName = FlexLayoutYoga;
		};
		EF3C6D3229D175F9008A5B23 /* FlexLayoutYogaKit */ = {
			isa = XCSwiftPackageProductDependency;
			package = EF3C6D2D29D175F8008A5B23 /* XCRemoteSwiftPackageReference "FlexLayout" */;
			productName = FlexLayoutYogaKit;
		};
		EF6F4BA429D264E200D77A9B /* SnapKit */ = {
			isa = XCSwiftPackageProductDependency;
			package = EF6F4BA329D264E200D77A9B /* XCRemoteSwiftPackageReference "SnapKit" */;
			productName = SnapKit;
		};
		EF6F4BA929D2659800D77A9B /* Then */ = {
			isa = XCSwiftPackageProductDependency;
			package = EF6F4BA829D2659800D77A9B /* XCRemoteSwiftPackageReference "Then" */;
			productName = Then;
		};
/* End XCSwiftPackageProductDependency section */
	};
	rootObject = EF3C6D0B29D17597008A5B23 /* Project object */;
}
